---
# =============================================================================
# Swaylock Configuration
# Tag: swaylock
# =============================================================================

- name: Create swaylock config directory
  ansible.builtin.file:
    path: "{{ user_home }}/.config/swaylock"
    state: directory
    owner: "{{ username }}"
    group: "{{ username }}"
    mode: '0755'

- name: Setup swaylock configuration
  ansible.builtin.copy:
    content: |
      color={{ colors.background }}
      inside-color={{ colors.background }}
      inside-clear-color={{ colors.green }}
      inside-ver-color={{ colors.blue }}
      inside-wrong-color={{ colors.red }}
      key-hl-color={{ colors.magenta }}
      ring-color={{ colors.bright_black }}
      ring-clear-color={{ colors.green }}
      ring-ver-color={{ colors.blue }}
      ring-wrong-color={{ colors.red }}
      text-color={{ colors.foreground }}
    dest: "{{ user_home }}/.config/swaylock/config"
    owner: "{{ username }}"
    group: "{{ username }}"
    mode: '0644'
